
Microsoft Visual Studio Solution File, Format Version 12.00
# Visual Studio 2012
Project("{2150E333-8FDC-42A3-9474-1A3956D46DE8}") = "2. Model", "2. Model", "{B0DC9831-57FD-4B29-9002-57DCD41A7BA1}"
EndProject
Project("{FAE04EC0-301F-11D3-BF4B-00C04F79EFBC}") = "Model", "Model\Model.csproj", "{C55B4978-B596-4502-BE9F-1B94EB78F5F6}"
EndProject
Project("{FAE04EC0-301F-11D3-BF4B-00C04F79EFBC}") = "ViewModel", "ViewModel\ViewModel.csproj", "{567E7C8F-1979-4694-9896-2A2F648C3393}"
EndProject
Project("{2150E333-8FDC-42A3-9474-1A3956D46DE8}") = "1. Common", "1. Common", "{1D58CCBF-99C5-4B18-8598-307F1D67A75D}"
EndProject
Project("{2150E333-8FDC-42A3-9474-1A3956D46DE8}") = "3. Data Access", "3. Data Access", "{03066340-EAF6-4AE9-BC5B-0A6BF110F05E}"
EndProject
Project("{FAE04EC0-301F-11D3-BF4B-00C04F79EFBC}") = "DataAccess", "DataAccess\DataAccess.csproj", "{D23870AD-3E5B-42BA-8C13-A35A0B7E125D}"
EndProject
Project("{2150E333-8FDC-42A3-9474-1A3956D46DE8}") = "0. DataBase", "0. DataBase", "{7219C8B8-3443-4026-8CD6-17B06758E923}"
EndProject
Project("{2150E333-8FDC-42A3-9474-1A3956D46DE8}") = "Testing", "Testing", "{97830034-C091-48DC-8B4A-A9C3150054B5}"
EndProject
Project("{FAE04EC0-301F-11D3-BF4B-00C04F79EFBC}") = "DbMigration", "DbMigration\DbMigration.csproj", "{C01A8E55-89C6-424F-AEFB-05A74B3524B2}"
EndProject
Project("{FAE04EC0-301F-11D3-BF4B-00C04F79EFBC}") = "Common", "Common\Common.csproj", "{E58CD1FC-E2C5-43C4-9DF1-A0BEAFDCFEFE}"
EndProject
Project("{FAE04EC0-301F-11D3-BF4B-00C04F79EFBC}") = "FunctionalTests", "FunctionalTests\FunctionalTests.csproj", "{562F5664-96EB-4624-87D9-34ED32135B39}"
EndProject
Project("{2150E333-8FDC-42A3-9474-1A3956D46DE8}") = "4. Services", "4. Services", "{0DD03566-6F3A-477D-9D8C-16D84972E900}"
EndProject
Project("{2150E333-8FDC-42A3-9474-1A3956D46DE8}") = "5. Deployable", "5. Deployable", "{BB3C6AAA-AA7D-444E-BBD7-9E1CBBC0F2A1}"
EndProject
Project("{FAE04EC0-301F-11D3-BF4B-00C04F79EFBC}") = "MyDiary.Site", "MyDiary.Site\MyDiary.Site.csproj", "{18DF6640-B3D7-4714-B9CC-E04A9C3D62FF}"
EndProject
Global
	GlobalSection(SolutionConfigurationPlatforms) = preSolution
		Debug|Any CPU = Debug|Any CPU
		Release|Any CPU = Release|Any CPU
	EndGlobalSection
	GlobalSection(ProjectConfigurationPlatforms) = postSolution
		{C55B4978-B596-4502-BE9F-1B94EB78F5F6}.Debug|Any CPU.ActiveCfg = Debug|Any CPU
		{C55B4978-B596-4502-BE9F-1B94EB78F5F6}.Debug|Any CPU.Build.0 = Debug|Any CPU
		{C55B4978-B596-4502-BE9F-1B94EB78F5F6}.Release|Any CPU.ActiveCfg = Release|Any CPU
		{C55B4978-B596-4502-BE9F-1B94EB78F5F6}.Release|Any CPU.Build.0 = Release|Any CPU
		{567E7C8F-1979-4694-9896-2A2F648C3393}.Debug|Any CPU.ActiveCfg = Debug|Any CPU
		{567E7C8F-1979-4694-9896-2A2F648C3393}.Debug|Any CPU.Build.0 = Debug|Any CPU
		{567E7C8F-1979-4694-9896-2A2F648C3393}.Release|Any CPU.ActiveCfg = Release|Any CPU
		{567E7C8F-1979-4694-9896-2A2F648C3393}.Release|Any CPU.Build.0 = Release|Any CPU
		{D23870AD-3E5B-42BA-8C13-A35A0B7E125D}.Debug|Any CPU.ActiveCfg = Debug|Any CPU
		{D23870AD-3E5B-42BA-8C13-A35A0B7E125D}.Debug|Any CPU.Build.0 = Debug|Any CPU
		{D23870AD-3E5B-42BA-8C13-A35A0B7E125D}.Release|Any CPU.ActiveCfg = Release|Any CPU
		{D23870AD-3E5B-42BA-8C13-A35A0B7E125D}.Release|Any CPU.Build.0 = Release|Any CPU
		{C01A8E55-89C6-424F-AEFB-05A74B3524B2}.Debug|Any CPU.ActiveCfg = Debug|Any CPU
		{C01A8E55-89C6-424F-AEFB-05A74B3524B2}.Debug|Any CPU.Build.0 = Debug|Any CPU
		{C01A8E55-89C6-424F-AEFB-05A74B3524B2}.Release|Any CPU.ActiveCfg = Release|Any CPU
		{C01A8E55-89C6-424F-AEFB-05A74B3524B2}.Release|Any CPU.Build.0 = Release|Any CPU
		{E58CD1FC-E2C5-43C4-9DF1-A0BEAFDCFEFE}.Debug|Any CPU.ActiveCfg = Debug|Any CPU
		{E58CD1FC-E2C5-43C4-9DF1-A0BEAFDCFEFE}.Debug|Any CPU.Build.0 = Debug|Any CPU
		{E58CD1FC-E2C5-43C4-9DF1-A0BEAFDCFEFE}.Release|Any CPU.ActiveCfg = Release|Any CPU
		{E58CD1FC-E2C5-43C4-9DF1-A0BEAFDCFEFE}.Release|Any CPU.Build.0 = Release|Any CPU
		{562F5664-96EB-4624-87D9-34ED32135B39}.Debug|Any CPU.ActiveCfg = Debug|Any CPU
		{562F5664-96EB-4624-87D9-34ED32135B39}.Debug|Any CPU.Build.0 = Debug|Any CPU
		{562F5664-96EB-4624-87D9-34ED32135B39}.Release|Any CPU.ActiveCfg = Release|Any CPU
		{562F5664-96EB-4624-87D9-34ED32135B39}.Release|Any CPU.Build.0 = Release|Any CPU
		{18DF6640-B3D7-4714-B9CC-E04A9C3D62FF}.Debug|Any CPU.ActiveCfg = Debug|Any CPU
		{18DF6640-B3D7-4714-B9CC-E04A9C3D62FF}.Debug|Any CPU.Build.0 = Debug|Any CPU
		{18DF6640-B3D7-4714-B9CC-E04A9C3D62FF}.Release|Any CPU.ActiveCfg = Release|Any CPU
		{18DF6640-B3D7-4714-B9CC-E04A9C3D62FF}.Release|Any CPU.Build.0 = Release|Any CPU
	EndGlobalSection
	GlobalSection(SolutionProperties) = preSolution
		HideSolutionNode = FALSE
	EndGlobalSection
	GlobalSection(NestedProjects) = preSolution
		{C55B4978-B596-4502-BE9F-1B94EB78F5F6} = {B0DC9831-57FD-4B29-9002-57DCD41A7BA1}
		{567E7C8F-1979-4694-9896-2A2F648C3393} = {B0DC9831-57FD-4B29-9002-57DCD41A7BA1}
		{E58CD1FC-E2C5-43C4-9DF1-A0BEAFDCFEFE} = {1D58CCBF-99C5-4B18-8598-307F1D67A75D}
		{D23870AD-3E5B-42BA-8C13-A35A0B7E125D} = {03066340-EAF6-4AE9-BC5B-0A6BF110F05E}
		{C01A8E55-89C6-424F-AEFB-05A74B3524B2} = {7219C8B8-3443-4026-8CD6-17B06758E923}
		{562F5664-96EB-4624-87D9-34ED32135B39} = {97830034-C091-48DC-8B4A-A9C3150054B5}
		{18DF6640-B3D7-4714-B9CC-E04A9C3D62FF} = {BB3C6AAA-AA7D-444E-BBD7-9E1CBBC0F2A1}
	EndGlobalSection
EndGlobal
