
Microsoft Visual Studio Solution File, Format Version 12.00
# Visual Studio 2012
Project("{2150E333-8FDC-42A3-9474-1A3956D46DE8}") = "Development", "Development", "{41031A02-280D-4210-A326-80468F42F821}"
EndProject
Project("{2150E333-8FDC-42A3-9474-1A3956D46DE8}") = "3. Data Access", "3. Data Access", "{E0E52D29-5E66-4BEF-BCA6-3C805B07893C}"
EndProject
Project("{FAE04EC0-301F-11D3-BF4B-00C04F79EFBC}") = "DataAccess", "DataAccess\DataAccess.csproj", "{88A4FC04-E947-466F-BAE4-09374C0A8EA6}"
EndProject
Project("{2150E333-8FDC-42A3-9474-1A3956D46DE8}") = "Testing", "Testing", "{1755F80C-B571-4155-AEE0-A0CF7463D5C2}"
EndProject
Project("{FAE04EC0-301F-11D3-BF4B-00C04F79EFBC}") = "DataAccess.Test", "DataAccess.Test\DataAccess.Test.csproj", "{DABF928C-7420-429A-91EF-5B5046996D51}"
EndProject
Project("{2150E333-8FDC-42A3-9474-1A3956D46DE8}") = "2. Model", "2. Model", "{48A72022-37BE-4227-99D8-4064A3237930}"
EndProject
Project("{FAE04EC0-301F-11D3-BF4B-00C04F79EFBC}") = "Model", "Model\Model.csproj", "{049A1B09-95B2-432D-8A2A-68E3F2F25EBD}"
EndProject
Project("{2150E333-8FDC-42A3-9474-1A3956D46DE8}") = "1. Common", "1. Common", "{26FBD7AA-B07E-4AA3-B202-49DE43161B4F}"
EndProject
Project("{FAE04EC0-301F-11D3-BF4B-00C04F79EFBC}") = "Common", "Common\Common.csproj", "{2AA7D380-6CCE-42C6-8BE3-1061AECA7F8D}"
EndProject
Global
	GlobalSection(SolutionConfigurationPlatforms) = preSolution
		Debug|Any CPU = Debug|Any CPU
		PreProd|Any CPU = PreProd|Any CPU
		Release|Any CPU = Release|Any CPU
		Testing|Any CPU = Testing|Any CPU
	EndGlobalSection
	GlobalSection(ProjectConfigurationPlatforms) = postSolution
		{88A4FC04-E947-466F-BAE4-09374C0A8EA6}.Debug|Any CPU.ActiveCfg = Debug|Any CPU
		{88A4FC04-E947-466F-BAE4-09374C0A8EA6}.Debug|Any CPU.Build.0 = Debug|Any CPU
		{88A4FC04-E947-466F-BAE4-09374C0A8EA6}.PreProd|Any CPU.ActiveCfg = Release|Any CPU
		{88A4FC04-E947-466F-BAE4-09374C0A8EA6}.PreProd|Any CPU.Build.0 = Release|Any CPU
		{88A4FC04-E947-466F-BAE4-09374C0A8EA6}.Release|Any CPU.ActiveCfg = Release|Any CPU
		{88A4FC04-E947-466F-BAE4-09374C0A8EA6}.Release|Any CPU.Build.0 = Release|Any CPU
		{88A4FC04-E947-466F-BAE4-09374C0A8EA6}.Testing|Any CPU.ActiveCfg = Release|Any CPU
		{88A4FC04-E947-466F-BAE4-09374C0A8EA6}.Testing|Any CPU.Build.0 = Release|Any CPU
		{DABF928C-7420-429A-91EF-5B5046996D51}.Debug|Any CPU.ActiveCfg = Debug|Any CPU
		{DABF928C-7420-429A-91EF-5B5046996D51}.Debug|Any CPU.Build.0 = Debug|Any CPU
		{DABF928C-7420-429A-91EF-5B5046996D51}.PreProd|Any CPU.ActiveCfg = Release|Any CPU
		{DABF928C-7420-429A-91EF-5B5046996D51}.PreProd|Any CPU.Build.0 = Release|Any CPU
		{DABF928C-7420-429A-91EF-5B5046996D51}.Release|Any CPU.ActiveCfg = Release|Any CPU
		{DABF928C-7420-429A-91EF-5B5046996D51}.Release|Any CPU.Build.0 = Release|Any CPU
		{DABF928C-7420-429A-91EF-5B5046996D51}.Testing|Any CPU.ActiveCfg = Release|Any CPU
		{DABF928C-7420-429A-91EF-5B5046996D51}.Testing|Any CPU.Build.0 = Release|Any CPU
		{049A1B09-95B2-432D-8A2A-68E3F2F25EBD}.Debug|Any CPU.ActiveCfg = Debug|Any CPU
		{049A1B09-95B2-432D-8A2A-68E3F2F25EBD}.Debug|Any CPU.Build.0 = Debug|Any CPU
		{049A1B09-95B2-432D-8A2A-68E3F2F25EBD}.PreProd|Any CPU.ActiveCfg = PreProd|Any CPU
		{049A1B09-95B2-432D-8A2A-68E3F2F25EBD}.PreProd|Any CPU.Build.0 = PreProd|Any CPU
		{049A1B09-95B2-432D-8A2A-68E3F2F25EBD}.Release|Any CPU.ActiveCfg = Release|Any CPU
		{049A1B09-95B2-432D-8A2A-68E3F2F25EBD}.Release|Any CPU.Build.0 = Release|Any CPU
		{049A1B09-95B2-432D-8A2A-68E3F2F25EBD}.Testing|Any CPU.ActiveCfg = Testing|Any CPU
		{049A1B09-95B2-432D-8A2A-68E3F2F25EBD}.Testing|Any CPU.Build.0 = Testing|Any CPU
		{2AA7D380-6CCE-42C6-8BE3-1061AECA7F8D}.Debug|Any CPU.ActiveCfg = Debug|Any CPU
		{2AA7D380-6CCE-42C6-8BE3-1061AECA7F8D}.Debug|Any CPU.Build.0 = Debug|Any CPU
		{2AA7D380-6CCE-42C6-8BE3-1061AECA7F8D}.PreProd|Any CPU.ActiveCfg = PreProd|Any CPU
		{2AA7D380-6CCE-42C6-8BE3-1061AECA7F8D}.PreProd|Any CPU.Build.0 = PreProd|Any CPU
		{2AA7D380-6CCE-42C6-8BE3-1061AECA7F8D}.Release|Any CPU.ActiveCfg = Release|Any CPU
		{2AA7D380-6CCE-42C6-8BE3-1061AECA7F8D}.Release|Any CPU.Build.0 = Release|Any CPU
		{2AA7D380-6CCE-42C6-8BE3-1061AECA7F8D}.Testing|Any CPU.ActiveCfg = Testing|Any CPU
		{2AA7D380-6CCE-42C6-8BE3-1061AECA7F8D}.Testing|Any CPU.Build.0 = Testing|Any CPU
	EndGlobalSection
	GlobalSection(SolutionProperties) = preSolution
		HideSolutionNode = FALSE
	EndGlobalSection
	GlobalSection(NestedProjects) = preSolution
		{E0E52D29-5E66-4BEF-BCA6-3C805B07893C} = {41031A02-280D-4210-A326-80468F42F821}
		{48A72022-37BE-4227-99D8-4064A3237930} = {41031A02-280D-4210-A326-80468F42F821}
		{26FBD7AA-B07E-4AA3-B202-49DE43161B4F} = {41031A02-280D-4210-A326-80468F42F821}
		{88A4FC04-E947-466F-BAE4-09374C0A8EA6} = {E0E52D29-5E66-4BEF-BCA6-3C805B07893C}
		{DABF928C-7420-429A-91EF-5B5046996D51} = {1755F80C-B571-4155-AEE0-A0CF7463D5C2}
		{049A1B09-95B2-432D-8A2A-68E3F2F25EBD} = {48A72022-37BE-4227-99D8-4064A3237930}
		{2AA7D380-6CCE-42C6-8BE3-1061AECA7F8D} = {26FBD7AA-B07E-4AA3-B202-49DE43161B4F}
	EndGlobalSection
EndGlobal
